
Microsoft Visual Studio Solution File, Format Version 12.00
# Visual Studio 15
VisualStudioVersion = 15.0.28307.1062
MinimumVisualStudioVersion = 10.0.40219.1
Project("{FAE04EC0-301F-11D3-BF4B-00C04F79EFBC}") = "laba2", "laba2\laba2.csproj", "{F1E9BC2B-0E39-423F-8893-7B6DD71EE201}"
EndProject
Project("{FAE04EC0-301F-11D3-BF4B-00C04F79EFBC}") = "TestsLaba2", "TestsLaba2\TestsLaba2.csproj", "{31E96CD2-23FA-4421-97AC-6630A25AF9FB}"
EndProject
Global
	GlobalSection(SolutionConfigurationPlatforms) = preSolution
		Debug|Any CPU = Debug|Any CPU
		Release|Any CPU = Release|Any CPU
	EndGlobalSection
	GlobalSection(ProjectConfigurationPlatforms) = postSolution
		{F1E9BC2B-0E39-423F-8893-7B6DD71EE201}.Debug|Any CPU.ActiveCfg = Debug|Any CPU
		{F1E9BC2B-0E39-423F-8893-7B6DD71EE201}.Debug|Any CPU.Build.0 = Debug|Any CPU
		{F1E9BC2B-0E39-423F-8893-7B6DD71EE201}.Release|Any CPU.ActiveCfg = Release|Any CPU
		{F1E9BC2B-0E39-423F-8893-7B6DD71EE201}.Release|Any CPU.Build.0 = Release|Any CPU
		{31E96CD2-23FA-4421-97AC-6630A25AF9FB}.Debug|Any CPU.ActiveCfg = Debug|Any CPU
		{31E96CD2-23FA-4421-97AC-6630A25AF9FB}.Debug|Any CPU.Build.0 = Debug|Any CPU
		{31E96CD2-23FA-4421-97AC-6630A25AF9FB}.Release|Any CPU.ActiveCfg = Release|Any CPU
		{31E96CD2-23FA-4421-97AC-6630A25AF9FB}.Release|Any CPU.Build.0 = Release|Any CPU
	EndGlobalSection
	GlobalSection(SolutionProperties) = preSolution
		HideSolutionNode = FALSE
	EndGlobalSection
	GlobalSection(ExtensibilityGlobals) = postSolution
		SolutionGuid = {72295A59-03F2-4FE3-9754-34CE89A494CB}
	EndGlobalSection
EndGlobal
